
Microsoft Visual Studio Solution File, Format Version 12.00
# Visual Studio 2012
Project("{FAE04EC0-301F-11D3-BF4B-00C04F79EFBC}") = "XamarinOCR", "XamarinOCR\XamarinOCR.csproj", "{E32A1D65-6920-4324-B5B8-123B8D6F8305}"
EndProject
Global
	GlobalSection(SolutionConfigurationPlatforms) = preSolution
		Debug|iPhoneSimulator = Debug|iPhoneSimulator
		Release|iPhone = Release|iPhone
		Release|iPhoneSimulator = Release|iPhoneSimulator
		Debug|iPhone = Debug|iPhone
	EndGlobalSection
	GlobalSection(ProjectConfigurationPlatforms) = postSolution
		{E32A1D65-6920-4324-B5B8-123B8D6F8305}.Debug|iPhoneSimulator.ActiveCfg = Debug|iPhoneSimulator
		{E32A1D65-6920-4324-B5B8-123B8D6F8305}.Debug|iPhoneSimulator.Build.0 = Debug|iPhoneSimulator
		{E32A1D65-6920-4324-B5B8-123B8D6F8305}.Release|iPhone.ActiveCfg = Release|iPhone
		{E32A1D65-6920-4324-B5B8-123B8D6F8305}.Release|iPhone.Build.0 = Release|iPhone
		{E32A1D65-6920-4324-B5B8-123B8D6F8305}.Release|iPhoneSimulator.ActiveCfg = Release|iPhoneSimulator
		{E32A1D65-6920-4324-B5B8-123B8D6F8305}.Release|iPhoneSimulator.Build.0 = Release|iPhoneSimulator
		{E32A1D65-6920-4324-B5B8-123B8D6F8305}.Debug|iPhone.ActiveCfg = Debug|iPhone
		{E32A1D65-6920-4324-B5B8-123B8D6F8305}.Debug|iPhone.Build.0 = Debug|iPhone
	EndGlobalSection
EndGlobal
